// !$*UTF8*$!
{
	archiveVersion = 1;
	classes = {
	};
	objectVersion = 48;
	objects = {

/* Begin PBXBuildFile section */
		02C2A15F1F8C6F6500B01635 /* AppDelegate.swift in Sources */ = {isa = PBXBuildFile; fileRef = 02C2A15E1F8C6F6500B01635 /* AppDelegate.swift */; };
		02C2A1611F8C6F6500B01635 /* ViewController.swift in Sources */ = {isa = PBXBuildFile; fileRef = 02C2A1601F8C6F6500B01635 /* ViewController.swift */; };
		02C2A1641F8C6F6500B01635 /* Main.storyboard in Resources */ = {isa = PBXBuildFile; fileRef = 02C2A1621F8C6F6500B01635 /* Main.storyboard */; };
		02C2A1661F8C6F6500B01635 /* Assets.xcassets in Resources */ = {isa = PBXBuildFile; fileRef = 02C2A1651F8C6F6500B01635 /* Assets.xcassets */; };
		02C2A1691F8C6F6500B01635 /* LaunchScreen.storyboard in Resources */ = {isa = PBXBuildFile; fileRef = 02C2A1671F8C6F6500B01635 /* LaunchScreen.storyboard */; };
/* End PBXBuildFile section */

/* Begin PBXFileReference section */
		02C2A15B1F8C6F6500B01635 /* HwSProject33.app */ = {isa = PBXFileReference; explicitFileType = wrapper.application; includeInIndex = 0; path = HwSProject33.app; sourceTree = BUILT_PRODUCTS_DIR; };
		02C2A15E1F8C6F6500B01635 /* AppDelegate.swift */ = {isa = PBXFileReference; lastKnownFileType = sourcecode.swift; path = AppDelegate.swift; sourceTree = "<group>"; };
		02C2A1601F8C6F6500B01635 /* ViewController.swift */ = {isa = PBXFileReference; lastKnownFileType = sourcecode.swift; path = ViewController.swift; sourceTree = "<group>"; };
		02C2A1631F8C6F6500B01635 /* Base */ = {isa = PBXFileReference; lastKnownFileType = file.storyboard; name = Base; path = Base.lproj/Main.storyboard; sourceTree = "<group>"; };
		02C2A1651F8C6F6500B01635 /* Assets.xcassets */ = {isa = PBXFileReference; lastKnownFileType = folder.assetcatalog; path = Assets.xcassets; sourceTree = "<group>"; };
		02C2A1681F8C6F6500B01635 /* Base */ = {isa = PBXFileReference; lastKnownFileType = file.storyboard; name = Base; path = Base.lproj/LaunchScreen.storyboard; sourceTree = "<group>"; };
		02C2A16A1F8C6F6500B01635 /* Info.plist */ = {isa = PBXFileReference; lastKnownFileType = text.plist.xml; path = Info.plist; sourceTree = "<group>"; };
/* End PBXFileReference section */

/* Begin PBXFrameworksBuildPhase section */
		02C2A1581F8C6F6500B01635 /* Frameworks */ = {
			isa = PBXFrameworksBuildPhase;
			buildActionMask = 2147483647;
			files = (
			);
			runOnlyForDeploymentPostprocessing = 0;
		};
/* End PBXFrameworksBuildPhase section */

/* Begin PBXGroup section */
		02C2A1521F8C6F6500B01635 = {
			isa = PBXGroup;
			children = (
				02C2A15D1F8C6F6500B01635 /* HwSProject33 */,
				02C2A15C1F8C6F6500B01635 /* Products */,
			);
			sourceTree = "<group>";
		};
		02C2A15C1F8C6F6500B01635 /* Products */ = {
			isa = PBXGroup;
			children = (
				02C2A15B1F8C6F6500B01635 /* HwSProject33.app */,
			);
			name = Products;
			sourceTree = "<group>";
		};
		02C2A15D1F8C6F6500B01635 /* HwSProject33 */ = {
			isa = PBXGroup;
			children = (
				02C2A15E1F8C6F6500B01635 /* AppDelegate.swift */,
				02C2A1601F8C6F6500B01635 /* ViewController.swift */,
				02C2A1621F8C6F6500B01635 /* Main.storyboard */,
				02C2A1651F8C6F6500B01635 /* Assets.xcassets */,
				02C2A1671F8C6F6500B01635 /* LaunchScreen.storyboard */,
				02C2A16A1F8C6F6500B01635 /* Info.plist */,
			);
			path = HwSProject33;
			sourceTree = "<group>";
		};
/* End PBXGroup section */

/* Begin PBXNativeTarget section */
		02C2A15A1F8C6F6500B01635 /* HwSProject33 */ = {
			isa = PBXNativeTarget;
			buildConfigurationList = 02C2A16D1F8C6F6500B01635 /* Build configuration list for PBXNativeTarget "HwSProject33" */;
			buildPhases = (
				02C2A1571F8C6F6500B01635 /* Sources */,
				02C2A1581F8C6F6500B01635 /* Frameworks */,
				02C2A1591F8C6F6500B01635 /* Resources */,
			);
			buildRules = (
			);
			dependencies = (
			);
			name = HwSProject33;
			productName = HwSProject33;
			productReference = 02C2A15B1F8C6F6500B01635 /* HwSProject33.app */;
			productType = "com.apple.product-type.application";
		};
/* End PBXNativeTarget section */

/* Begin PBXProject section */
		02C2A1531F8C6F6500B01635 /* Project object */ = {
			isa = PBXProject;
			attributes = {
				LastSwiftUpdateCheck = 0900;
				LastUpgradeCheck = 0900;
				ORGANIZATIONNAME = "Skyler Svendsen";
				TargetAttributes = {
					02C2A15A1F8C6F6500B01635 = {
						CreatedOnToolsVersion = 9.0;
						ProvisioningStyle = Automatic;
					};
				};
			};
			buildConfigurationList = 02C2A1561F8C6F6500B01635 /* Build configuration list for PBXProject "HwSProject33" */;
			compatibilityVersion = "Xcode 8.0";
			developmentRegion = en;
			hasScannedForEncodings = 0;
			knownRegions = (
				en,
				Base,
			);
			mainGroup = 02C2A1521F8C6F6500B01635;
			productRefGroup = 02C2A15C1F8C6F6500B01635 /* Products */;
			projectDirPath = "";
			projectRoot = "";
			targets = (
				02C2A15A1F8C6F6500B01635 /* HwSProject33 */,
			);
		};
/* End PBXProject section */

/* Begin PBXResourcesBuildPhase section */
		02C2A1591F8C6F6500B01635 /* Resources */ = {
			isa = PBXResourcesBuildPhase;
			buildActionMask = 2147483647;
			files = (
				02C2A1691F8C6F6500B01635 /* LaunchScreen.storyboard in Resources */,
				02C2A1661F8C6F6500B01635 /* Assets.xcassets in Resources */,
				02C2A1641F8C6F6500B01635 /* Main.storyboard in Resources */,
			);
			runOnlyForDeploymentPostprocessing = 0;
		};
/* End PBXResourcesBuildPhase section */

/* Begin PBXSourcesBuildPhase section */
		02C2A1571F8C6F6500B01635 /* Sources */ = {
			isa = PBXSourcesBuildPhase;
			buildActionMask = 2147483647;
			files = (
				02C2A1611F8C6F6500B01635 /* ViewController.swift in Sources */,
				02C2A15F1F8C6F6500B01635 /* AppDelegate.swift in Sources */,
			);
			runOnlyForDeploymentPostprocessing = 0;
		};
/* End PBXSourcesBuildPhase section */

/* Begin PBXVariantGroup section */
		02C2A1621F8C6F6500B01635 /* Main.storyboard */ = {
			isa = PBXVariantGroup;
			children = (
				02C2A1631F8C6F6500B01635 /* Base */,
			);
			name = Main.storyboard;
			sourceTree = "<group>";
		};
		02C2A1671F8C6F6500B01635 /* LaunchScreen.storyboard */ = {
			isa = PBXVariantGroup;
			children = (
				02C2A1681F8C6F6500B01635 /* Base */,
			);
			name = LaunchScreen.storyboard;
			sourceTree = "<group>";
		};
/* End PBXVariantGroup section */

/* Begin XCBuildConfiguration section */
		02C2A16B1F8C6F6500B01635 /* Debug */ = {
			isa = XCBuildConfiguration;
			buildSettings = {
				ALWAYS_SEARCH_USER_PATHS = NO;
				CLANG_ANALYZER_NONNULL = YES;
				CLANG_ANALYZER_NUMBER_OBJECT_CONVERSION = YES_AGGRESSIVE;
				CLANG_CXX_LANGUAGE_STANDARD = "gnu++14";
				CLANG_CXX_LIBRARY = "libc++";
				CLANG_ENABLE_MODULES = YES;
				CLANG_ENABLE_OBJC_ARC = YES;
				CLANG_WARN_BLOCK_CAPTURE_AUTORELEASING = YES;
				CLANG_WARN_BOOL_CONVERSION = YES;
				CLANG_WARN_COMMA = YES;
				CLANG_WARN_CONSTANT_CONVERSION = YES;
				CLANG_WARN_DIRECT_OBJC_ISA_USAGE = YES_ERROR;
				CLANG_WARN_DOCUMENTATION_COMMENTS = YES;
				CLANG_WARN_EMPTY_BODY = YES;
				CLANG_WARN_ENUM_CONVERSION = YES;
				CLANG_WARN_INFINITE_RECURSION = YES;
				CLANG_WARN_INT_CONVERSION = YES;
				CLANG_WARN_NON_LITERAL_NULL_CONVERSION = YES;
				CLANG_WARN_OBJC_LITERAL_CONVERSION = YES;
				CLANG_WARN_OBJC_ROOT_CLASS = YES_ERROR;
				CLANG_WARN_RANGE_LOOP_ANALYSIS = YES;
				CLANG_WARN_STRICT_PROTOTYPES = YES;
				CLANG_WARN_SUSPICIOUS_MOVE = YES;
				CLANG_WARN_UNGUARDED_AVAILABILITY = YES_AGGRESSIVE;
				CLANG_WARN_UNREACHABLE_CODE = YES;
				CLANG_WARN__DUPLICATE_METHOD_MATCH = YES;
				CODE_SIGN_IDENTITY = "iPhone Developer";
				COPY_PHASE_STRIP = NO;
				DEBUG_INFORMATION_FORMAT = dwarf;
				ENABLE_STRICT_OBJC_MSGSEND = YES;
				ENABLE_TESTABILITY = YES;
				GCC_C_LANGUAGE_STANDARD = gnu11;
				GCC_DYNAMIC_NO_PIC = NO;
				GCC_NO_COMMON_BLOCKS = YES;
				GCC_OPTIMIZATION_LEVEL = 0;
				GCC_PREPROCESSOR_DEFINITIONS = (
					"DEBUG=1",
					"$(inherited)",
				);
				GCC_WARN_64_TO_32_BIT_CONVERSION = YES;
				GCC_WARN_ABOUT_RETURN_TYPE = YES_ERROR;
				GCC_WARN_UNDECLARED_SELECTOR = YES;
				GCC_WARN_UNINITIALIZED_AUTOS = YES_AGGRESSIVE;
				GCC_WARN_UNUSED_FUNCTION = YES;
				GCC_WARN_UNUSED_VARIABLE = YES;
				IPHONEOS_DEPLOYMENT_TARGET = 11.0;
				MTL_ENABLE_DEBUG_INFO = YES;
				ONLY_ACTIVE_ARCH = YES;
				SDKROOT = iphoneos;
				SWIFT_ACTIVE_COMPILATION_CONDITIONS = DEBUG;
				SWIFT_OPTIMIZATION_LEVEL = "-Onone";
			};
			name = Debug;
		};
		02C2A16C1F8C6F6500B01635 /* Release */ = {
			isa = XCBuildConfiguration;
			buildSettings = {
				ALWAYS_SEARCH_USER_PATHS = NO;
				CLANG_ANALYZER_NONNULL = YES;
				CLANG_ANALYZER_NUMBER_OBJECT_CONVERSION = YES_AGGRESSIVE;
				CLANG_CXX_LANGUAGE_STANDARD = "gnu++14";
				CLANG_CXX_LIBRARY = "libc++";
				CLANG_ENABLE_MODULES = YES;
				CLANG_ENABLE_OBJC_ARC = YES;
				CLANG_WARN_BLOCK_CAPTURE_AUTORELEASING = YES;
				CLANG_WARN_BOOL_CONVERSION = YES;
				CLANG_WARN_COMMA = YES;
				CLANG_WARN_CONSTANT_CONVERSION = YES;
				CLANG_WARN_DIRECT_OBJC_ISA_USAGE = YES_ERROR;
				CLANG_WARN_DOCUMENTATION_COMMENTS = YES;
				CLANG_WARN_EMPTY_BODY = YES;
				CLANG_WARN_ENUM_CONVERSION = YES;
				CLANG_WARN_INFINITE_RECURSION = YES;
				CLANG_WARN_INT_CONVERSION = YES;
				CLANG_WARN_NON_LITERAL_NULL_CONVERSION = YES;
				CLANG_WARN_OBJC_LITERAL_CONVERSION = YES;
				CLANG_WARN_OBJC_ROOT_CLASS = YES_ERROR;
				CLANG_WARN_RANGE_LOOP_ANALYSIS = YES;
				CLANG_WARN_STRICT_PROTOTYPES = YES;
				CLANG_WARN_SUSPICIOUS_MOVE = YES;
				CLANG_WARN_UNGUARDED_AVAILABILITY = YES_AGGRESSIVE;
				CLANG_WARN_UNREACHABLE_CODE = YES;
				CLANG_WARN__DUPLICATE_METHOD_MATCH = YES;
				CODE_SIGN_IDENTITY = "iPhone Developer";
				COPY_PHASE_STRIP = NO;
				DEBUG_INFORMATION_FORMAT = "dwarf-with-dsym";
				ENABLE_NS_ASSERTIONS = NO;
				ENABLE_STRICT_OBJC_MSGSEND = YES;
				GCC_C_LANGUAGE_STANDARD = gnu11;
				GCC_NO_COMMON_BLOCKS = YES;
				GCC_WARN_64_TO_32_BIT_CONVERSION = YES;
				GCC_WARN_ABOUT_RETURN_TYPE = YES_ERROR;
				GCC_WARN_UNDECLARED_SELECTOR = YES;
				GCC_WARN_UNINITIALIZED_AUTOS = YES_AGGRESSIVE;
				GCC_WARN_UNUSED_FUNCTION = YES;
				GCC_WARN_UNUSED_VARIABLE = YES;
				IPHONEOS_DEPLOYMENT_TARGET = 11.0;
				MTL_ENABLE_DEBUG_INFO = NO;
				SDKROOT = iphoneos;
				SWIFT_OPTIMIZATION_LEVEL = "-Owholemodule";
				VALIDATE_PRODUCT = YES;
			};
			name = Release;
		};
		02C2A16E1F8C6F6500B01635 /* Debug */ = {
			isa = XCBuildConfiguration;
			buildSettings = {
				ASSETCATALOG_COMPILER_APPICON_NAME = AppIcon;
				CODE_SIGN_STYLE = Automatic;
				DEVELOPMENT_TEAM = XF4U8W5J97;
				INFOPLIST_FILE = HwSProject33/Info.plist;
				LD_RUNPATH_SEARCH_PATHS = "$(inherited) @executable_path/Frameworks";
				PRODUCT_BUNDLE_IDENTIFIER = "Skyler-Svendsen.HwSProject33";
				PRODUCT_NAME = "$(TARGET_NAME)";
				SWIFT_VERSION = 4.0;
				TARGETED_DEVICE_FAMILY = "1,2";
			};
			name = Debug;
		};
		02C2A16F1F8C6F6500B01635 /* Release */ = {
			isa = XCBuildConfiguration;
			buildSettings = {
				ASSETCATALOG_COMPILER_APPICON_NAME = AppIcon;
				CODE_SIGN_STYLE = Automatic;
				DEVELOPMENT_TEAM = XF4U8W5J97;
				INFOPLIST_FILE = HwSProject33/Info.plist;
				LD_RUNPATH_SEARCH_PATHS = "$(inherited) @executable_path/Frameworks";
				PRODUCT_BUNDLE_IDENTIFIER = "Skyler-Svendsen.HwSProject33";
				PRODUCT_NAME = "$(TARGET_NAME)";
				SWIFT_VERSION = 4.0;
				TARGETED_DEVICE_FAMILY = "1,2";
			};
			name = Release;
		};
/* End XCBuildConfiguration section */

/* Begin XCConfigurationList section */
		02C2A1561F8C6F6500B01635 /* Build configuration list for PBXProject "HwSProject33" */ = {
			isa = XCConfigurationList;
			buildConfigurations = (
				02C2A16B1F8C6F6500B01635 /* Debug */,
				02C2A16C1F8C6F6500B01635 /* Release */,
			);
			defaultConfigurationIsVisible = 0;
			defaultConfigurationName = Release;
		};
		02C2A16D1F8C6F6500B01635 /* Build configuration list for PBXNativeTarget "HwSProject33" */ = {
			isa = XCConfigurationList;
			buildConfigurations = (
				02C2A16E1F8C6F6500B01635 /* Debug */,
				02C2A16F1F8C6F6500B01635 /* Release */,
			);
			defaultConfigurationIsVisible = 0;
			defaultConfigurationName = Release;
		};
/* End XCConfigurationList section */
	};
	rootObject = 02C2A1531F8C6F6500B01635 /* Project object */;
}
